
Microsoft Visual Studio Solution File, Format Version 12.00
# Visual Studio Version 16
VisualStudioVersion = 16.0.31112.23
MinimumVisualStudioVersion = 10.0.40219.1
Project("{FAE04EC0-301F-11D3-BF4B-00C04F79EFBC}") = "2012903044-Kürşat-Kilitçi", "2012903044-Kürşat-Kilitçi.csproj", "{5179D7B4-38B5-49F4-9D56-D2FE738872D3}"
EndProject
Global
	GlobalSection(SolutionConfigurationPlatforms) = preSolution
		Debug|Any CPU = Debug|Any CPU
		Release|Any CPU = Release|Any CPU
	EndGlobalSection
	GlobalSection(ProjectConfigurationPlatforms) = postSolution
		{5179D7B4-38B5-49F4-9D56-D2FE738872D3}.Debug|Any CPU.ActiveCfg = Debug|Any CPU
		{5179D7B4-38B5-49F4-9D56-D2FE738872D3}.Debug|Any CPU.Build.0 = Debug|Any CPU
		{5179D7B4-38B5-49F4-9D56-D2FE738872D3}.Release|Any CPU.ActiveCfg = Release|Any CPU
		{5179D7B4-38B5-49F4-9D56-D2FE738872D3}.Release|Any CPU.Build.0 = Release|Any CPU
	EndGlobalSection
	GlobalSection(SolutionProperties) = preSolution
		HideSolutionNode = FALSE
	EndGlobalSection
	GlobalSection(ExtensibilityGlobals) = postSolution
		SolutionGuid = {67692F95-FED6-4A9E-98AB-FE5674C8DEA7}
	EndGlobalSection
EndGlobal
